#MicroXplorer Configuration settings - do not modify
FREERTOS.CountingSemaphores01=WakeUpKeyPressed,5
FREERTOS.IPParameters=Tasks01,Queues01,CountingSemaphores01
FREERTOS.Queues01=PressedBtn,16,uint8_t,NULL
FREERTOS.Tasks01=defaultTask,0,128,StartDefaultTask;ScanUserKeys,0,128,StartScanUserKeys;TaskLEDS,0,128,StartTaskLEDS;TaskLEDBlink,0,128,StartLEDBlink;ScanWakeUpKey,0,128,StartScanWakeUpKey
File.Version=5
KeepUserPlacement=false
Mcu.Family=STM32F1
Mcu.IP0=FREERTOS
Mcu.IP1=NVIC
Mcu.IP2=RCC
Mcu.IPNb=3
Mcu.Name=STM32F107V(B-C)Tx
Mcu.Package=LQFP100
Mcu.Pin0=PC13-TAMPER-RTC
Mcu.Pin1=OSC_IN
Mcu.Pin2=OSC_OUT
Mcu.Pin3=PA0-WKUP
Mcu.Pin4=PD13
Mcu.Pin5=PD3
Mcu.Pin6=PD4
Mcu.Pin7=PD7
Mcu.Pin8=PB9
Mcu.Pin9=VP_FREERTOS_VS_ENABLE
Mcu.PinsNb=10
Mcu.UserConstants=
Mcu.UserName=STM32F107VCTx
MxCube.Version=4.11.0
MxDb.Version=DB.4.0.110
NVIC.NonMaskableInt_IRQn=true\:0\:0\:false
NVIC.PriorityGroup=NVIC_PRIORITYGROUP_4
NVIC.SysTick_IRQn=true\:0\:0\:false
OSC_IN.Mode=HSE-External-Oscillator
OSC_IN.Signal=RCC_OSC_IN
OSC_OUT.Mode=HSE-External-Oscillator
OSC_OUT.Signal=RCC_OSC_OUT
PA0-WKUP.GPIOParameters=GPIO_PuPd
PA0-WKUP.GPIO_PuPd=GPIO_PULLDOWN
PA0-WKUP.Locked=true
PA0-WKUP.Signal=GPIO_Input
PB9.GPIOParameters=GPIO_PuPd
PB9.GPIO_PuPd=GPIO_PULLUP
PB9.Locked=true
PB9.Signal=GPIO_Input
PC13-TAMPER-RTC.GPIOParameters=GPIO_PuPd
PC13-TAMPER-RTC.GPIO_PuPd=GPIO_PULLUP
PC13-TAMPER-RTC.Locked=true
PC13-TAMPER-RTC.Signal=GPIO_Input
PCC.Checker=false
PCC.Line=STM32F105/107
PCC.MCU=STM32F107V(B-C)Tx
PCC.MXVersion=4.11.0
PCC.PartNumber=STM32F107VCTx
PCC.Seq0=0
PCC.Series=STM32F1
PCC.Temperature=25
PCC.Vdd=3.3
PD13.Locked=true
PD13.Signal=GPIO_Output
PD3.Locked=true
PD3.Signal=GPIO_Output
PD4.Locked=true
PD4.Signal=GPIO_Output
PD7.Locked=true
PD7.Signal=GPIO_Output
ProjectManager.AskForMigrate=true
ProjectManager.BackupPrevious=false
ProjectManager.CompilerOptimize=2
ProjectManager.ComputerToolchain=false
ProjectManager.CoupleFile=false
ProjectManager.DeletePrevious=true
ProjectManager.DeviceId=STM32F107VCTx
ProjectManager.FirmwarePackage=STM32Cube FW_F1 V1.2.0
ProjectManager.FreePins=false
ProjectManager.HalAssertFull=false
ProjectManager.KeepUserCode=true
ProjectManager.LastFirmware=true
ProjectManager.LibraryCopy=0
ProjectManager.ProjectBuild=false
ProjectManager.ProjectFileName=Lab_FreeRTOS.ioc
ProjectManager.ProjectName=Lab_FreeRTOS
ProjectManager.TargetToolchain=MDK-ARM V5
ProjectManager.ToolChainLocation=
RCC.ADCFreqValue=36000000
RCC.AHBFreq_Value=72000000
RCC.APB1CLKDivider=RCC_HCLK_DIV2
RCC.APB1Freq_Value=36000000
RCC.APB1TimFreq_Value=72000000
RCC.APB2Freq_Value=72000000
RCC.APB2TimFreq_Value=72000000
RCC.EnbaleCSS=true
RCC.FCLKCortexFreq_Value=72000000
RCC.FamilyName=M
RCC.HCLKFreq_Value=72000000
RCC.HSEDivPLL=RCC_HSE_PREDIV_DIV5
RCC.HSE_VALUE=25000000
RCC.HSIState=RCC_HSI_ON
RCC.I2S2Freq_Value=72000000
RCC.I2S3Freq_Value=72000000
RCC.IPParameters=FamilyName,TimSysFreq_Value,PLLCLKFreq_Value,USBFreq_Value,HSE_VALUE,PLL2VCOoutputFreqValue,PLL2CLKoutputFreqValue,PLL3VCOoutputFreqValue,PLL3CLKoutputFreqValue,Prediv2FreqValue,Prediv1Source,Prediv2,PLLSourceVirtual,VCOOutput2Freq_Value,HSEDivPLL,PLLMUL,SYSCLKSource,HCLKFreq_Value,AHBFreq_Value,FCLKCortexFreq_Value,APB1TimFreq_Value,APB1Freq_Value,APB2TimFreq_Value,APB2Freq_Value,ADCFreqValue,I2S3Freq_Value,I2S2Freq_Value,MCOFreq_Value,SYSCLKFreq_VALUE,HSIState,EnbaleCSS,APB1CLKDivider
RCC.MCOFreq_Value=72000000
RCC.PLL2CLKoutputFreqValue=40000000
RCC.PLL2VCOoutputFreqValue=80000000
RCC.PLL3CLKoutputFreqValue=40000000
RCC.PLL3VCOoutputFreqValue=80000000
RCC.PLLCLKFreq_Value=72000000
RCC.PLLMUL=RCC_PLL_MUL9
RCC.PLLSourceVirtual=RCC_PLLSOURCE_HSE
RCC.Prediv1Source=RCC_PREDIV1_SOURCE_PLL2
RCC.Prediv2=RCC_HSE_PREDIV2_DIV5
RCC.Prediv2FreqValue=5000000
RCC.SYSCLKFreq_VALUE=72000000
RCC.SYSCLKSource=RCC_SYSCLKSOURCE_PLLCLK
RCC.TimSysFreq_Value=72000000
RCC.USBFreq_Value=48000000
RCC.VCOOutput2Freq_Value=8000000
VP_FREERTOS_VS_ENABLE.Mode=Enabled
VP_FREERTOS_VS_ENABLE.Signal=FREERTOS_VS_ENABLE
board=Lab_FreeRTOS
